
Microsoft Visual Studio Solution File, Format Version 12.00
# Visual Studio Version 16
VisualStudioVersion = 16.0.31005.135
MinimumVisualStudioVersion = 10.0.40219.1
Project("{FAE04EC0-301F-11D3-BF4B-00C04F79EFBC}") = "DataLayer", "DataLayer\DataLayer.csproj", "{10AE2A72-33BC-4A4E-88ED-C24161A2F0EE}"
EndProject
Project("{9A19103F-16F7-4668-BE54-9A1E7A4F7556}") = "CrudEFhomework", "CrudEFhomework.csproj", "{48F42A99-2559-49A2-B193-3E7311447151}"
EndProject
Global
	GlobalSection(SolutionConfigurationPlatforms) = preSolution
		Debug|Any CPU = Debug|Any CPU
		Release|Any CPU = Release|Any CPU
	EndGlobalSection
	GlobalSection(ProjectConfigurationPlatforms) = postSolution
		{10AE2A72-33BC-4A4E-88ED-C24161A2F0EE}.Debug|Any CPU.ActiveCfg = Debug|Any CPU
		{10AE2A72-33BC-4A4E-88ED-C24161A2F0EE}.Debug|Any CPU.Build.0 = Debug|Any CPU
		{10AE2A72-33BC-4A4E-88ED-C24161A2F0EE}.Release|Any CPU.ActiveCfg = Release|Any CPU
		{10AE2A72-33BC-4A4E-88ED-C24161A2F0EE}.Release|Any CPU.Build.0 = Release|Any CPU
		{48F42A99-2559-49A2-B193-3E7311447151}.Debug|Any CPU.ActiveCfg = Debug|Any CPU
		{48F42A99-2559-49A2-B193-3E7311447151}.Debug|Any CPU.Build.0 = Debug|Any CPU
		{48F42A99-2559-49A2-B193-3E7311447151}.Release|Any CPU.ActiveCfg = Release|Any CPU
		{48F42A99-2559-49A2-B193-3E7311447151}.Release|Any CPU.Build.0 = Release|Any CPU
	EndGlobalSection
	GlobalSection(SolutionProperties) = preSolution
		HideSolutionNode = FALSE
	EndGlobalSection
	GlobalSection(ExtensibilityGlobals) = postSolution
		SolutionGuid = {87989F28-CC90-484E-9733-E81F51574745}
	EndGlobalSection
EndGlobal
